
Microsoft Visual Studio Solution File, Format Version 12.00
# Visual Studio Version 16
VisualStudioVersion = 16.0.31019.35
MinimumVisualStudioVersion = 10.0.40219.1
Project("{9A19103F-16F7-4668-BE54-9A1E7A4F7556}") = "LCECS", "LCECS\LCECS.csproj", "{A8140AF0-44A3-49E6-A454-611102DF0CB7}"
EndProject
Project("{9A19103F-16F7-4668-BE54-9A1E7A4F7556}") = "UnitTests", "UnitTests\UnitTests.csproj", "{B3A7D67B-9C9E-449B-BEEE-AA59D3AA3B60}"
EndProject
Project("{2150E333-8FDC-42A3-9474-1A3956D46DE8}") = "Libraries", "Libraries", "{50E7E1A2-E0AE-468C-8DB7-A9EACF6A3F40}"
EndProject
Project("{9A19103F-16F7-4668-BE54-9A1E7A4F7556}") = "Game", "Game\Game.csproj", "{177062E8-D766-4152-87BB-6EEF26B7A3BC}"
EndProject
Project("{9A19103F-16F7-4668-BE54-9A1E7A4F7556}") = "LCUtilities", "LCUtilities\LCUtilities.csproj", "{CADE2616-8287-4B8E-96AB-E7C8DE1FE327}"
EndProject
Project("{9A19103F-16F7-4668-BE54-9A1E7A4F7556}") = "LCPhysics", "LCPhysics\LCPhysics.csproj", "{EF38920B-059F-49B1-869E-82FF286788D7}"
EndProject
Global
	GlobalSection(SolutionConfigurationPlatforms) = preSolution
		Debug|Any CPU = Debug|Any CPU
		Debug|x64 = Debug|x64
		Debug|x86 = Debug|x86
		Release|Any CPU = Release|Any CPU
		Release|x64 = Release|x64
		Release|x86 = Release|x86
	EndGlobalSection
	GlobalSection(ProjectConfigurationPlatforms) = postSolution
		{A8140AF0-44A3-49E6-A454-611102DF0CB7}.Debug|Any CPU.ActiveCfg = Debug|Any CPU
		{A8140AF0-44A3-49E6-A454-611102DF0CB7}.Debug|Any CPU.Build.0 = Debug|Any CPU
		{A8140AF0-44A3-49E6-A454-611102DF0CB7}.Debug|x64.ActiveCfg = Debug|x64
		{A8140AF0-44A3-49E6-A454-611102DF0CB7}.Debug|x64.Build.0 = Debug|x64
		{A8140AF0-44A3-49E6-A454-611102DF0CB7}.Debug|x86.ActiveCfg = Debug|x86
		{A8140AF0-44A3-49E6-A454-611102DF0CB7}.Debug|x86.Build.0 = Debug|x86
		{A8140AF0-44A3-49E6-A454-611102DF0CB7}.Release|Any CPU.ActiveCfg = Release|Any CPU
		{A8140AF0-44A3-49E6-A454-611102DF0CB7}.Release|Any CPU.Build.0 = Release|Any CPU
		{A8140AF0-44A3-49E6-A454-611102DF0CB7}.Release|x64.ActiveCfg = Release|x64
		{A8140AF0-44A3-49E6-A454-611102DF0CB7}.Release|x64.Build.0 = Release|x64
		{A8140AF0-44A3-49E6-A454-611102DF0CB7}.Release|x86.ActiveCfg = Release|x86
		{A8140AF0-44A3-49E6-A454-611102DF0CB7}.Release|x86.Build.0 = Release|x86
		{B3A7D67B-9C9E-449B-BEEE-AA59D3AA3B60}.Debug|Any CPU.ActiveCfg = Debug|Any CPU
		{B3A7D67B-9C9E-449B-BEEE-AA59D3AA3B60}.Debug|Any CPU.Build.0 = Debug|Any CPU
		{B3A7D67B-9C9E-449B-BEEE-AA59D3AA3B60}.Debug|x64.ActiveCfg = Debug|x64
		{B3A7D67B-9C9E-449B-BEEE-AA59D3AA3B60}.Debug|x64.Build.0 = Debug|x64
		{B3A7D67B-9C9E-449B-BEEE-AA59D3AA3B60}.Debug|x86.ActiveCfg = Debug|x86
		{B3A7D67B-9C9E-449B-BEEE-AA59D3AA3B60}.Debug|x86.Build.0 = Debug|x86
		{B3A7D67B-9C9E-449B-BEEE-AA59D3AA3B60}.Release|Any CPU.ActiveCfg = Release|Any CPU
		{B3A7D67B-9C9E-449B-BEEE-AA59D3AA3B60}.Release|Any CPU.Build.0 = Release|Any CPU
		{B3A7D67B-9C9E-449B-BEEE-AA59D3AA3B60}.Release|x64.ActiveCfg = Release|x64
		{B3A7D67B-9C9E-449B-BEEE-AA59D3AA3B60}.Release|x86.ActiveCfg = Release|x86
		{177062E8-D766-4152-87BB-6EEF26B7A3BC}.Debug|Any CPU.ActiveCfg = Debug|Any CPU
		{177062E8-D766-4152-87BB-6EEF26B7A3BC}.Debug|Any CPU.Build.0 = Debug|Any CPU
		{177062E8-D766-4152-87BB-6EEF26B7A3BC}.Debug|x64.ActiveCfg = Debug|x64
		{177062E8-D766-4152-87BB-6EEF26B7A3BC}.Debug|x64.Build.0 = Debug|x64
		{177062E8-D766-4152-87BB-6EEF26B7A3BC}.Debug|x86.ActiveCfg = Debug|x86
		{177062E8-D766-4152-87BB-6EEF26B7A3BC}.Debug|x86.Build.0 = Debug|x86
		{177062E8-D766-4152-87BB-6EEF26B7A3BC}.Release|Any CPU.ActiveCfg = Release|Any CPU
		{177062E8-D766-4152-87BB-6EEF26B7A3BC}.Release|Any CPU.Build.0 = Release|Any CPU
		{177062E8-D766-4152-87BB-6EEF26B7A3BC}.Release|x64.ActiveCfg = Release|x64
		{177062E8-D766-4152-87BB-6EEF26B7A3BC}.Release|x64.Build.0 = Release|x64
		{177062E8-D766-4152-87BB-6EEF26B7A3BC}.Release|x86.ActiveCfg = Release|x86
		{177062E8-D766-4152-87BB-6EEF26B7A3BC}.Release|x86.Build.0 = Release|x86
		{CADE2616-8287-4B8E-96AB-E7C8DE1FE327}.Debug|Any CPU.ActiveCfg = Debug|Any CPU
		{CADE2616-8287-4B8E-96AB-E7C8DE1FE327}.Debug|Any CPU.Build.0 = Debug|Any CPU
		{CADE2616-8287-4B8E-96AB-E7C8DE1FE327}.Debug|x64.ActiveCfg = Debug|x64
		{CADE2616-8287-4B8E-96AB-E7C8DE1FE327}.Debug|x64.Build.0 = Debug|x64
		{CADE2616-8287-4B8E-96AB-E7C8DE1FE327}.Debug|x86.ActiveCfg = Debug|x86
		{CADE2616-8287-4B8E-96AB-E7C8DE1FE327}.Debug|x86.Build.0 = Debug|x86
		{CADE2616-8287-4B8E-96AB-E7C8DE1FE327}.Release|Any CPU.ActiveCfg = Release|Any CPU
		{CADE2616-8287-4B8E-96AB-E7C8DE1FE327}.Release|Any CPU.Build.0 = Release|Any CPU
		{CADE2616-8287-4B8E-96AB-E7C8DE1FE327}.Release|x64.ActiveCfg = Release|x64
		{CADE2616-8287-4B8E-96AB-E7C8DE1FE327}.Release|x64.Build.0 = Release|x64
		{CADE2616-8287-4B8E-96AB-E7C8DE1FE327}.Release|x86.ActiveCfg = Release|x86
		{CADE2616-8287-4B8E-96AB-E7C8DE1FE327}.Release|x86.Build.0 = Release|x86
		{EF38920B-059F-49B1-869E-82FF286788D7}.Debug|Any CPU.ActiveCfg = Debug|Any CPU
		{EF38920B-059F-49B1-869E-82FF286788D7}.Debug|Any CPU.Build.0 = Debug|Any CPU
		{EF38920B-059F-49B1-869E-82FF286788D7}.Debug|x64.ActiveCfg = Debug|x64
		{EF38920B-059F-49B1-869E-82FF286788D7}.Debug|x64.Build.0 = Debug|x64
		{EF38920B-059F-49B1-869E-82FF286788D7}.Debug|x86.ActiveCfg = Debug|x86
		{EF38920B-059F-49B1-869E-82FF286788D7}.Debug|x86.Build.0 = Debug|x86
		{EF38920B-059F-49B1-869E-82FF286788D7}.Release|Any CPU.ActiveCfg = Release|Any CPU
		{EF38920B-059F-49B1-869E-82FF286788D7}.Release|Any CPU.Build.0 = Release|Any CPU
		{EF38920B-059F-49B1-869E-82FF286788D7}.Release|x64.ActiveCfg = Release|x64
		{EF38920B-059F-49B1-869E-82FF286788D7}.Release|x64.Build.0 = Release|x64
		{EF38920B-059F-49B1-869E-82FF286788D7}.Release|x86.ActiveCfg = Release|x86
		{EF38920B-059F-49B1-869E-82FF286788D7}.Release|x86.Build.0 = Release|x86
	EndGlobalSection
	GlobalSection(SolutionProperties) = preSolution
		HideSolutionNode = FALSE
	EndGlobalSection
	GlobalSection(NestedProjects) = preSolution
		{A8140AF0-44A3-49E6-A454-611102DF0CB7} = {50E7E1A2-E0AE-468C-8DB7-A9EACF6A3F40}
		{CADE2616-8287-4B8E-96AB-E7C8DE1FE327} = {50E7E1A2-E0AE-468C-8DB7-A9EACF6A3F40}
		{EF38920B-059F-49B1-869E-82FF286788D7} = {50E7E1A2-E0AE-468C-8DB7-A9EACF6A3F40}
	EndGlobalSection
	GlobalSection(ExtensibilityGlobals) = postSolution
		SolutionGuid = {BCBD0105-8B68-4795-8E22-B1766C91543D}
	EndGlobalSection
EndGlobal
