
Microsoft Visual Studio Solution File, Format Version 12.00
# Visual Studio Version 16
VisualStudioVersion = 16.0.31019.35
MinimumVisualStudioVersion = 10.0.40219.1
Project("{9A19103F-16F7-4668-BE54-9A1E7A4F7556}") = "UnitTests", "UnitTests\UnitTests.csproj", "{B3A7D67B-9C9E-449B-BEEE-AA59D3AA3B60}"
EndProject
Project("{2150E333-8FDC-42A3-9474-1A3956D46DE8}") = "Libraries", "Libraries", "{50E7E1A2-E0AE-468C-8DB7-A9EACF6A3F40}"
EndProject
Project("{9A19103F-16F7-4668-BE54-9A1E7A4F7556}") = "LCUtilities", "LCUtilities\LCUtilities.csproj", "{CADE2616-8287-4B8E-96AB-E7C8DE1FE327}"
EndProject
Project("{9A19103F-16F7-4668-BE54-9A1E7A4F7556}") = "LCGameFramework", "LCGameFramework\LCGameFramework.csproj", "{95E2763E-ADC2-4A5B-97B6-390DA91EEC5B}"
EndProject
Project("{9A19103F-16F7-4668-BE54-9A1E7A4F7556}") = "PhysicsTest", "PhysicsTest\PhysicsTest.csproj", "{51A2D66B-57CE-438C-B3C4-98DE0BC6F8A1}"
EndProject
Project("{9A19103F-16F7-4668-BE54-9A1E7A4F7556}") = "TankGame", "TankGame\TankGame.csproj", "{8CEF2FCB-F917-436A-9C1A-2D569E31BA55}"
EndProject
Project("{FAE04EC0-301F-11D3-BF4B-00C04F79EFBC}") = "InterpolationTests", "InterpolationTests\InterpolationTests.csproj", "{4397DA02-729D-4F3E-8D24-4477EE6AA7BB}"
EndProject
Global
	GlobalSection(SolutionConfigurationPlatforms) = preSolution
		Debug|Any CPU = Debug|Any CPU
		Debug|x64 = Debug|x64
		Debug|x86 = Debug|x86
		Release|Any CPU = Release|Any CPU
		Release|x64 = Release|x64
		Release|x86 = Release|x86
	EndGlobalSection
	GlobalSection(ProjectConfigurationPlatforms) = postSolution
		{B3A7D67B-9C9E-449B-BEEE-AA59D3AA3B60}.Debug|Any CPU.ActiveCfg = Debug|Any CPU
		{B3A7D67B-9C9E-449B-BEEE-AA59D3AA3B60}.Debug|Any CPU.Build.0 = Debug|Any CPU
		{B3A7D67B-9C9E-449B-BEEE-AA59D3AA3B60}.Debug|x64.ActiveCfg = Debug|x64
		{B3A7D67B-9C9E-449B-BEEE-AA59D3AA3B60}.Debug|x64.Build.0 = Debug|x64
		{B3A7D67B-9C9E-449B-BEEE-AA59D3AA3B60}.Debug|x86.ActiveCfg = Debug|x86
		{B3A7D67B-9C9E-449B-BEEE-AA59D3AA3B60}.Debug|x86.Build.0 = Debug|x86
		{B3A7D67B-9C9E-449B-BEEE-AA59D3AA3B60}.Release|Any CPU.ActiveCfg = Release|Any CPU
		{B3A7D67B-9C9E-449B-BEEE-AA59D3AA3B60}.Release|Any CPU.Build.0 = Release|Any CPU
		{B3A7D67B-9C9E-449B-BEEE-AA59D3AA3B60}.Release|x64.ActiveCfg = Release|x64
		{B3A7D67B-9C9E-449B-BEEE-AA59D3AA3B60}.Release|x86.ActiveCfg = Release|x86
		{CADE2616-8287-4B8E-96AB-E7C8DE1FE327}.Debug|Any CPU.ActiveCfg = Debug|Any CPU
		{CADE2616-8287-4B8E-96AB-E7C8DE1FE327}.Debug|Any CPU.Build.0 = Debug|Any CPU
		{CADE2616-8287-4B8E-96AB-E7C8DE1FE327}.Debug|x64.ActiveCfg = Debug|x64
		{CADE2616-8287-4B8E-96AB-E7C8DE1FE327}.Debug|x64.Build.0 = Debug|x64
		{CADE2616-8287-4B8E-96AB-E7C8DE1FE327}.Debug|x86.ActiveCfg = Debug|x86
		{CADE2616-8287-4B8E-96AB-E7C8DE1FE327}.Debug|x86.Build.0 = Debug|x86
		{CADE2616-8287-4B8E-96AB-E7C8DE1FE327}.Release|Any CPU.ActiveCfg = Release|Any CPU
		{CADE2616-8287-4B8E-96AB-E7C8DE1FE327}.Release|Any CPU.Build.0 = Release|Any CPU
		{CADE2616-8287-4B8E-96AB-E7C8DE1FE327}.Release|x64.ActiveCfg = Release|x64
		{CADE2616-8287-4B8E-96AB-E7C8DE1FE327}.Release|x64.Build.0 = Release|x64
		{CADE2616-8287-4B8E-96AB-E7C8DE1FE327}.Release|x86.ActiveCfg = Release|x86
		{CADE2616-8287-4B8E-96AB-E7C8DE1FE327}.Release|x86.Build.0 = Release|x86
		{95E2763E-ADC2-4A5B-97B6-390DA91EEC5B}.Debug|Any CPU.ActiveCfg = Debug|Any CPU
		{95E2763E-ADC2-4A5B-97B6-390DA91EEC5B}.Debug|Any CPU.Build.0 = Debug|Any CPU
		{95E2763E-ADC2-4A5B-97B6-390DA91EEC5B}.Debug|x64.ActiveCfg = Debug|Any CPU
		{95E2763E-ADC2-4A5B-97B6-390DA91EEC5B}.Debug|x64.Build.0 = Debug|Any CPU
		{95E2763E-ADC2-4A5B-97B6-390DA91EEC5B}.Debug|x86.ActiveCfg = Debug|Any CPU
		{95E2763E-ADC2-4A5B-97B6-390DA91EEC5B}.Debug|x86.Build.0 = Debug|Any CPU
		{95E2763E-ADC2-4A5B-97B6-390DA91EEC5B}.Release|Any CPU.ActiveCfg = Release|Any CPU
		{95E2763E-ADC2-4A5B-97B6-390DA91EEC5B}.Release|Any CPU.Build.0 = Release|Any CPU
		{95E2763E-ADC2-4A5B-97B6-390DA91EEC5B}.Release|x64.ActiveCfg = Release|Any CPU
		{95E2763E-ADC2-4A5B-97B6-390DA91EEC5B}.Release|x64.Build.0 = Release|Any CPU
		{95E2763E-ADC2-4A5B-97B6-390DA91EEC5B}.Release|x86.ActiveCfg = Release|Any CPU
		{95E2763E-ADC2-4A5B-97B6-390DA91EEC5B}.Release|x86.Build.0 = Release|Any CPU
		{51A2D66B-57CE-438C-B3C4-98DE0BC6F8A1}.Debug|Any CPU.ActiveCfg = Debug|Any CPU
		{51A2D66B-57CE-438C-B3C4-98DE0BC6F8A1}.Debug|Any CPU.Build.0 = Debug|Any CPU
		{51A2D66B-57CE-438C-B3C4-98DE0BC6F8A1}.Debug|x64.ActiveCfg = Debug|Any CPU
		{51A2D66B-57CE-438C-B3C4-98DE0BC6F8A1}.Debug|x64.Build.0 = Debug|Any CPU
		{51A2D66B-57CE-438C-B3C4-98DE0BC6F8A1}.Debug|x86.ActiveCfg = Debug|Any CPU
		{51A2D66B-57CE-438C-B3C4-98DE0BC6F8A1}.Debug|x86.Build.0 = Debug|Any CPU
		{51A2D66B-57CE-438C-B3C4-98DE0BC6F8A1}.Release|Any CPU.ActiveCfg = Release|Any CPU
		{51A2D66B-57CE-438C-B3C4-98DE0BC6F8A1}.Release|Any CPU.Build.0 = Release|Any CPU
		{51A2D66B-57CE-438C-B3C4-98DE0BC6F8A1}.Release|x64.ActiveCfg = Release|Any CPU
		{51A2D66B-57CE-438C-B3C4-98DE0BC6F8A1}.Release|x64.Build.0 = Release|Any CPU
		{51A2D66B-57CE-438C-B3C4-98DE0BC6F8A1}.Release|x86.ActiveCfg = Release|Any CPU
		{51A2D66B-57CE-438C-B3C4-98DE0BC6F8A1}.Release|x86.Build.0 = Release|Any CPU
		{8CEF2FCB-F917-436A-9C1A-2D569E31BA55}.Debug|Any CPU.ActiveCfg = Debug|Any CPU
		{8CEF2FCB-F917-436A-9C1A-2D569E31BA55}.Debug|Any CPU.Build.0 = Debug|Any CPU
		{8CEF2FCB-F917-436A-9C1A-2D569E31BA55}.Debug|x64.ActiveCfg = Debug|x64
		{8CEF2FCB-F917-436A-9C1A-2D569E31BA55}.Debug|x64.Build.0 = Debug|x64
		{8CEF2FCB-F917-436A-9C1A-2D569E31BA55}.Debug|x86.ActiveCfg = Debug|x86
		{8CEF2FCB-F917-436A-9C1A-2D569E31BA55}.Debug|x86.Build.0 = Debug|x86
		{8CEF2FCB-F917-436A-9C1A-2D569E31BA55}.Release|Any CPU.ActiveCfg = Release|Any CPU
		{8CEF2FCB-F917-436A-9C1A-2D569E31BA55}.Release|Any CPU.Build.0 = Release|Any CPU
		{8CEF2FCB-F917-436A-9C1A-2D569E31BA55}.Release|x64.ActiveCfg = Release|x64
		{8CEF2FCB-F917-436A-9C1A-2D569E31BA55}.Release|x64.Build.0 = Release|x64
		{8CEF2FCB-F917-436A-9C1A-2D569E31BA55}.Release|x86.ActiveCfg = Release|x86
		{8CEF2FCB-F917-436A-9C1A-2D569E31BA55}.Release|x86.Build.0 = Release|x86
		{4397DA02-729D-4F3E-8D24-4477EE6AA7BB}.Debug|Any CPU.ActiveCfg = Debug|Any CPU
		{4397DA02-729D-4F3E-8D24-4477EE6AA7BB}.Debug|Any CPU.Build.0 = Debug|Any CPU
		{4397DA02-729D-4F3E-8D24-4477EE6AA7BB}.Debug|x64.ActiveCfg = Debug|Any CPU
		{4397DA02-729D-4F3E-8D24-4477EE6AA7BB}.Debug|x64.Build.0 = Debug|Any CPU
		{4397DA02-729D-4F3E-8D24-4477EE6AA7BB}.Debug|x86.ActiveCfg = Debug|Any CPU
		{4397DA02-729D-4F3E-8D24-4477EE6AA7BB}.Debug|x86.Build.0 = Debug|Any CPU
		{4397DA02-729D-4F3E-8D24-4477EE6AA7BB}.Release|Any CPU.ActiveCfg = Release|Any CPU
		{4397DA02-729D-4F3E-8D24-4477EE6AA7BB}.Release|Any CPU.Build.0 = Release|Any CPU
		{4397DA02-729D-4F3E-8D24-4477EE6AA7BB}.Release|x64.ActiveCfg = Release|Any CPU
		{4397DA02-729D-4F3E-8D24-4477EE6AA7BB}.Release|x64.Build.0 = Release|Any CPU
		{4397DA02-729D-4F3E-8D24-4477EE6AA7BB}.Release|x86.ActiveCfg = Release|Any CPU
		{4397DA02-729D-4F3E-8D24-4477EE6AA7BB}.Release|x86.Build.0 = Release|Any CPU
	EndGlobalSection
	GlobalSection(SolutionProperties) = preSolution
		HideSolutionNode = FALSE
	EndGlobalSection
	GlobalSection(NestedProjects) = preSolution
		{CADE2616-8287-4B8E-96AB-E7C8DE1FE327} = {50E7E1A2-E0AE-468C-8DB7-A9EACF6A3F40}
		{95E2763E-ADC2-4A5B-97B6-390DA91EEC5B} = {50E7E1A2-E0AE-468C-8DB7-A9EACF6A3F40}
	EndGlobalSection
	GlobalSection(ExtensibilityGlobals) = postSolution
		SolutionGuid = {BCBD0105-8B68-4795-8E22-B1766C91543D}
	EndGlobalSection
	GlobalSection(MonoDevelopProperties) = preSolution
		Policies = $0
		$0.TextStylePolicy = $1
		$1.FileWidth = 80
		$1.scope = text/x-csharp
		$0.CSharpFormattingPolicy = $2
		$2.scope = text/x-csharp
	EndGlobalSection
EndGlobal
